// !$*UTF8*$!
{
	archiveVersion = 1;
	classes = {
	};
	objectVersion = 56;
	objects = {

/* Begin PBXBuildFile section */
		6E47604A2A2FB0FB00AC4192 /* Blackbird in Frameworks */ = {isa = PBXBuildFile; productRef = 6E4760492A2FB0FB00AC4192 /* Blackbird */; };
		6E47604C2A2FB13100AC4192 /* AppDatabase.swift in Sources */ = {isa = PBXBuildFile; fileRef = 6E47604B2A2FB13100AC4192 /* AppDatabase.swift */; };
		6E47604E2A2FB9C900AC4192 /* SavedSong.swift in Sources */ = {isa = PBXBuildFile; fileRef = 6E47604D2A2FB9C900AC4192 /* SavedSong.swift */; };
		6E485E8F2A2B8D96000D8706 /* SongDetailView.swift in Sources */ = {isa = PBXBuildFile; fileRef = 6E485E8E2A2B8D96000D8706 /* SongDetailView.swift */; };
		6E9875EE2A2E43FA0015E914 /* db.sqlite in Resources */ = {isa = PBXBuildFile; fileRef = 6E9875ED2A2E43FA0015E914 /* db.sqlite */; };
		6ED4CE5B2A2A1DFF00F0C7D9 /* Culminating_TaskApp.swift in Sources */ = {isa = PBXBuildFile; fileRef = 6ED4CE5A2A2A1DFF00F0C7D9 /* Culminating_TaskApp.swift */; };
		6ED4CE5F2A2A1E0500F0C7D9 /* Assets.xcassets in Resources */ = {isa = PBXBuildFile; fileRef = 6ED4CE5E2A2A1E0500F0C7D9 /* Assets.xcassets */; };
		6ED4CE622A2A1E0500F0C7D9 /* Preview Assets.xcassets in Resources */ = {isa = PBXBuildFile; fileRef = 6ED4CE612A2A1E0500F0C7D9 /* Preview Assets.xcassets */; };
		6ED9982C2A2A25650033263C /* PlaylistView.swift in Sources */ = {isa = PBXBuildFile; fileRef = 6ED9982B2A2A25650033263C /* PlaylistView.swift */; };
		6ED9982F2A2A260C0033263C /* Song.swift in Sources */ = {isa = PBXBuildFile; fileRef = 6ED9982E2A2A260C0033263C /* Song.swift */; };
		6ED998312A2A27BC0033263C /* SearchResult.swift in Sources */ = {isa = PBXBuildFile; fileRef = 6ED998302A2A27BC0033263C /* SearchResult.swift */; };
		6ED998342A2A294A0033263C /* NetworkService.swift in Sources */ = {isa = PBXBuildFile; fileRef = 6ED998332A2A294A0033263C /* NetworkService.swift */; };
		6ED998372A2A2E760033263C /* AudioPlayerView.swift in Sources */ = {isa = PBXBuildFile; fileRef = 6ED998362A2A2E760033263C /* AudioPlayerView.swift */; };
		6ED998392A2A2E900033263C /* RemoteImageView.swift in Sources */ = {isa = PBXBuildFile; fileRef = 6ED998382A2A2E900033263C /* RemoteImageView.swift */; };
		6EF360CB2A2E3C540064E355 /* AddSongView.swift in Sources */ = {isa = PBXBuildFile; fileRef = 6EF360CA2A2E3C540064E355 /* AddSongView.swift */; };
/* End PBXBuildFile section */

/* Begin PBXFileReference section */
		6E47604B2A2FB13100AC4192 /* AppDatabase.swift */ = {isa = PBXFileReference; lastKnownFileType = sourcecode.swift; path = AppDatabase.swift; sourceTree = "<group>"; };
		6E47604D2A2FB9C900AC4192 /* SavedSong.swift */ = {isa = PBXFileReference; lastKnownFileType = sourcecode.swift; path = SavedSong.swift; sourceTree = "<group>"; };
		6E485E8E2A2B8D96000D8706 /* SongDetailView.swift */ = {isa = PBXFileReference; lastKnownFileType = sourcecode.swift; path = SongDetailView.swift; sourceTree = "<group>"; };
		6E9875ED2A2E43FA0015E914 /* db.sqlite */ = {isa = PBXFileReference; lastKnownFileType = file; path = db.sqlite; sourceTree = "<group>"; };
		6ED4CE572A2A1DFF00F0C7D9 /* Culminating Task.app */ = {isa = PBXFileReference; explicitFileType = wrapper.application; includeInIndex = 0; path = "Culminating Task.app"; sourceTree = BUILT_PRODUCTS_DIR; };
		6ED4CE5A2A2A1DFF00F0C7D9 /* Culminating_TaskApp.swift */ = {isa = PBXFileReference; lastKnownFileType = sourcecode.swift; path = Culminating_TaskApp.swift; sourceTree = "<group>"; };
		6ED4CE5E2A2A1E0500F0C7D9 /* Assets.xcassets */ = {isa = PBXFileReference; lastKnownFileType = folder.assetcatalog; path = Assets.xcassets; sourceTree = "<group>"; };
		6ED4CE612A2A1E0500F0C7D9 /* Preview Assets.xcassets */ = {isa = PBXFileReference; lastKnownFileType = folder.assetcatalog; path = "Preview Assets.xcassets"; sourceTree = "<group>"; };
		6ED9982B2A2A25650033263C /* PlaylistView.swift */ = {isa = PBXFileReference; lastKnownFileType = sourcecode.swift; path = PlaylistView.swift; sourceTree = "<group>"; };
		6ED9982E2A2A260C0033263C /* Song.swift */ = {isa = PBXFileReference; lastKnownFileType = sourcecode.swift; path = Song.swift; sourceTree = "<group>"; };
		6ED998302A2A27BC0033263C /* SearchResult.swift */ = {isa = PBXFileReference; lastKnownFileType = sourcecode.swift; path = SearchResult.swift; sourceTree = "<group>"; };
		6ED998332A2A294A0033263C /* NetworkService.swift */ = {isa = PBXFileReference; lastKnownFileType = sourcecode.swift; path = NetworkService.swift; sourceTree = "<group>"; };
		6ED998362A2A2E760033263C /* AudioPlayerView.swift */ = {isa = PBXFileReference; lastKnownFileType = sourcecode.swift; path = AudioPlayerView.swift; sourceTree = "<group>"; };
		6ED998382A2A2E900033263C /* RemoteImageView.swift */ = {isa = PBXFileReference; lastKnownFileType = sourcecode.swift; path = RemoteImageView.swift; sourceTree = "<group>"; };
		6EF360CA2A2E3C540064E355 /* AddSongView.swift */ = {isa = PBXFileReference; lastKnownFileType = sourcecode.swift; path = AddSongView.swift; sourceTree = "<group>"; };
/* End PBXFileReference section */

/* Begin PBXFrameworksBuildPhase section */
		6ED4CE542A2A1DFF00F0C7D9 /* Frameworks */ = {
			isa = PBXFrameworksBuildPhase;
			buildActionMask = 2147483647;
			files = (
				6E47604A2A2FB0FB00AC4192 /* Blackbird in Frameworks */,
			);
			runOnlyForDeploymentPostprocessing = 0;
		};
/* End PBXFrameworksBuildPhase section */

/* Begin PBXGroup section */
		6ED4CE4E2A2A1DFF00F0C7D9 = {
			isa = PBXGroup;
			children = (
				6ED4CE592A2A1DFF00F0C7D9 /* Culminating Task */,
				6ED4CE582A2A1DFF00F0C7D9 /* Products */,
			);
			sourceTree = "<group>";
		};
		6ED4CE582A2A1DFF00F0C7D9 /* Products */ = {
			isa = PBXGroup;
			children = (
				6ED4CE572A2A1DFF00F0C7D9 /* Culminating Task.app */,
			);
			name = Products;
			sourceTree = "<group>";
		};
		6ED4CE592A2A1DFF00F0C7D9 /* Culminating Task */ = {
			isa = PBXGroup;
			children = (
				6ED9982D2A2A25FC0033263C /* Model */,
				6ED4CE5A2A2A1DFF00F0C7D9 /* Culminating_TaskApp.swift */,
				6ED998322A2A293E0033263C /* Services */,
				6ED9982A2A2A254D0033263C /* VIews */,
				6ED4CE5E2A2A1E0500F0C7D9 /* Assets.xcassets */,
				6ED4CE602A2A1E0500F0C7D9 /* Preview Content */,
			);
			path = "Culminating Task";
			sourceTree = "<group>";
		};
		6ED4CE602A2A1E0500F0C7D9 /* Preview Content */ = {
			isa = PBXGroup;
			children = (
				6ED4CE612A2A1E0500F0C7D9 /* Preview Assets.xcassets */,
			);
			path = "Preview Content";
			sourceTree = "<group>";
		};
		6ED9982A2A2A254D0033263C /* VIews */ = {
			isa = PBXGroup;
			children = (
				6ED998352A2A2E5F0033263C /* Helpers */,
				6ED9982B2A2A25650033263C /* PlaylistView.swift */,
				6EF360CA2A2E3C540064E355 /* AddSongView.swift */,
				6E485E8E2A2B8D96000D8706 /* SongDetailView.swift */,
			);
			path = VIews;
			sourceTree = "<group>";
		};
		6ED9982D2A2A25FC0033263C /* Model */ = {
			isa = PBXGroup;
			children = (
				6E9875ED2A2E43FA0015E914 /* db.sqlite */,
				6ED9982E2A2A260C0033263C /* Song.swift */,
				6E47604D2A2FB9C900AC4192 /* SavedSong.swift */,
				6ED998302A2A27BC0033263C /* SearchResult.swift */,
			);
			path = Model;
			sourceTree = "<group>";
		};
		6ED998322A2A293E0033263C /* Services */ = {
			isa = PBXGroup;
			children = (
				6ED998332A2A294A0033263C /* NetworkService.swift */,
			);
			path = Services;
			sourceTree = "<group>";
		};
		6ED998352A2A2E5F0033263C /* Helpers */ = {
			isa = PBXGroup;
			children = (
				6ED998362A2A2E760033263C /* AudioPlayerView.swift */,
				6ED998382A2A2E900033263C /* RemoteImageView.swift */,
				6E47604B2A2FB13100AC4192 /* AppDatabase.swift */,
			);
			path = Helpers;
			sourceTree = "<group>";
		};
/* End PBXGroup section */

/* Begin PBXNativeTarget section */
		6ED4CE562A2A1DFF00F0C7D9 /* Culminating Task */ = {
			isa = PBXNativeTarget;
			buildConfigurationList = 6ED4CE652A2A1E0500F0C7D9 /* Build configuration list for PBXNativeTarget "Culminating Task" */;
			buildPhases = (
				6ED4CE532A2A1DFF00F0C7D9 /* Sources */,
				6ED4CE542A2A1DFF00F0C7D9 /* Frameworks */,
				6ED4CE552A2A1DFF00F0C7D9 /* Resources */,
			);
			buildRules = (
			);
			dependencies = (
			);
			name = "Culminating Task";
			packageProductDependencies = (
				6E4760492A2FB0FB00AC4192 /* Blackbird */,
			);
			productName = "Culminating Task";
			productReference = 6ED4CE572A2A1DFF00F0C7D9 /* Culminating Task.app */;
			productType = "com.apple.product-type.application";
		};
/* End PBXNativeTarget section */

/* Begin PBXProject section */
		6ED4CE4F2A2A1DFF00F0C7D9 /* Project object */ = {
			isa = PBXProject;
			attributes = {
				BuildIndependentTargetsInParallel = 1;
				LastSwiftUpdateCheck = 1430;
				LastUpgradeCheck = 1430;
				TargetAttributes = {
					6ED4CE562A2A1DFF00F0C7D9 = {
						CreatedOnToolsVersion = 14.3;
					};
				};
			};
			buildConfigurationList = 6ED4CE522A2A1DFF00F0C7D9 /* Build configuration list for PBXProject "Culminating Task" */;
			compatibilityVersion = "Xcode 14.0";
			developmentRegion = en;
			hasScannedForEncodings = 0;
			knownRegions = (
				en,
				Base,
			);
			mainGroup = 6ED4CE4E2A2A1DFF00F0C7D9;
			packageReferences = (
				6E4760482A2FB0FB00AC4192 /* XCRemoteSwiftPackageReference "Blackbird" */,
			);
			productRefGroup = 6ED4CE582A2A1DFF00F0C7D9 /* Products */;
			projectDirPath = "";
			projectRoot = "";
			targets = (
				6ED4CE562A2A1DFF00F0C7D9 /* Culminating Task */,
			);
		};
/* End PBXProject section */

/* Begin PBXResourcesBuildPhase section */
		6ED4CE552A2A1DFF00F0C7D9 /* Resources */ = {
			isa = PBXResourcesBuildPhase;
			buildActionMask = 2147483647;
			files = (
				6ED4CE622A2A1E0500F0C7D9 /* Preview Assets.xcassets in Resources */,
				6E9875EE2A2E43FA0015E914 /* db.sqlite in Resources */,
				6ED4CE5F2A2A1E0500F0C7D9 /* Assets.xcassets in Resources */,
			);
			runOnlyForDeploymentPostprocessing = 0;
		};
/* End PBXResourcesBuildPhase section */

/* Begin PBXSourcesBuildPhase section */
		6ED4CE532A2A1DFF00F0C7D9 /* Sources */ = {
			isa = PBXSourcesBuildPhase;
			buildActionMask = 2147483647;
			files = (
				6ED998342A2A294A0033263C /* NetworkService.swift in Sources */,
				6ED9982F2A2A260C0033263C /* Song.swift in Sources */,
				6ED998372A2A2E760033263C /* AudioPlayerView.swift in Sources */,
				6ED9982C2A2A25650033263C /* PlaylistView.swift in Sources */,
				6E47604C2A2FB13100AC4192 /* AppDatabase.swift in Sources */,
				6E485E8F2A2B8D96000D8706 /* SongDetailView.swift in Sources */,
				6ED998312A2A27BC0033263C /* SearchResult.swift in Sources */,
				6ED4CE5B2A2A1DFF00F0C7D9 /* Culminating_TaskApp.swift in Sources */,
				6ED998392A2A2E900033263C /* RemoteImageView.swift in Sources */,
				6EF360CB2A2E3C540064E355 /* AddSongView.swift in Sources */,
				6E47604E2A2FB9C900AC4192 /* SavedSong.swift in Sources */,
			);
			runOnlyForDeploymentPostprocessing = 0;
		};
/* End PBXSourcesBuildPhase section */

/* Begin XCBuildConfiguration section */
		6ED4CE632A2A1E0500F0C7D9 /* Debug */ = {
			isa = XCBuildConfiguration;
			buildSettings = {
				ALWAYS_SEARCH_USER_PATHS = NO;
				CLANG_ANALYZER_NONNULL = YES;
				CLANG_ANALYZER_NUMBER_OBJECT_CONVERSION = YES_AGGRESSIVE;
				CLANG_CXX_LANGUAGE_STANDARD = "gnu++20";
				CLANG_ENABLE_MODULES = YES;
				CLANG_ENABLE_OBJC_ARC = YES;
				CLANG_ENABLE_OBJC_WEAK = YES;
				CLANG_WARN_BLOCK_CAPTURE_AUTORELEASING = YES;
				CLANG_WARN_BOOL_CONVERSION = YES;
				CLANG_WARN_COMMA = YES;
				CLANG_WARN_CONSTANT_CONVERSION = YES;
				CLANG_WARN_DEPRECATED_OBJC_IMPLEMENTATIONS = YES;
				CLANG_WARN_DIRECT_OBJC_ISA_USAGE = YES_ERROR;
				CLANG_WARN_DOCUMENTATION_COMMENTS = YES;
				CLANG_WARN_EMPTY_BODY = YES;
				CLANG_WARN_ENUM_CONVERSION = YES;
				CLANG_WARN_INFINITE_RECURSION = YES;
				CLANG_WARN_INT_CONVERSION = YES;
				CLANG_WARN_NON_LITERAL_NULL_CONVERSION = YES;
				CLANG_WARN_OBJC_IMPLICIT_RETAIN_SELF = YES;
				CLANG_WARN_OBJC_LITERAL_CONVERSION = YES;
				CLANG_WARN_OBJC_ROOT_CLASS = YES_ERROR;
				CLANG_WARN_QUOTED_INCLUDE_IN_FRAMEWORK_HEADER = YES;
				CLANG_WARN_RANGE_LOOP_ANALYSIS = YES;
				CLANG_WARN_STRICT_PROTOTYPES = YES;
				CLANG_WARN_SUSPICIOUS_MOVE = YES;
				CLANG_WARN_UNGUARDED_AVAILABILITY = YES_AGGRESSIVE;
				CLANG_WARN_UNREACHABLE_CODE = YES;
				CLANG_WARN__DUPLICATE_METHOD_MATCH = YES;
				COPY_PHASE_STRIP = NO;
				DEBUG_INFORMATION_FORMAT = dwarf;
				ENABLE_STRICT_OBJC_MSGSEND = YES;
				ENABLE_TESTABILITY = YES;
				GCC_C_LANGUAGE_STANDARD = gnu11;
				GCC_DYNAMIC_NO_PIC = NO;
				GCC_NO_COMMON_BLOCKS = YES;
				GCC_OPTIMIZATION_LEVEL = 0;
				GCC_PREPROCESSOR_DEFINITIONS = (
					"DEBUG=1",
					"$(inherited)",
				);
				GCC_WARN_64_TO_32_BIT_CONVERSION = YES;
				GCC_WARN_ABOUT_RETURN_TYPE = YES_ERROR;
				GCC_WARN_UNDECLARED_SELECTOR = YES;
				GCC_WARN_UNINITIALIZED_AUTOS = YES_AGGRESSIVE;
				GCC_WARN_UNUSED_FUNCTION = YES;
				GCC_WARN_UNUSED_VARIABLE = YES;
				IPHONEOS_DEPLOYMENT_TARGET = 16.4;
				MTL_ENABLE_DEBUG_INFO = INCLUDE_SOURCE;
				MTL_FAST_MATH = YES;
				ONLY_ACTIVE_ARCH = YES;
				SDKROOT = iphoneos;
				SWIFT_ACTIVE_COMPILATION_CONDITIONS = DEBUG;
				SWIFT_OPTIMIZATION_LEVEL = "-Onone";
			};
			name = Debug;
		};
		6ED4CE642A2A1E0500F0C7D9 /* Release */ = {
			isa = XCBuildConfiguration;
			buildSettings = {
				ALWAYS_SEARCH_USER_PATHS = NO;
				CLANG_ANALYZER_NONNULL = YES;
				CLANG_ANALYZER_NUMBER_OBJECT_CONVERSION = YES_AGGRESSIVE;
				CLANG_CXX_LANGUAGE_STANDARD = "gnu++20";
				CLANG_ENABLE_MODULES = YES;
				CLANG_ENABLE_OBJC_ARC = YES;
				CLANG_ENABLE_OBJC_WEAK = YES;
				CLANG_WARN_BLOCK_CAPTURE_AUTORELEASING = YES;
				CLANG_WARN_BOOL_CONVERSION = YES;
				CLANG_WARN_COMMA = YES;
				CLANG_WARN_CONSTANT_CONVERSION = YES;
				CLANG_WARN_DEPRECATED_OBJC_IMPLEMENTATIONS = YES;
				CLANG_WARN_DIRECT_OBJC_ISA_USAGE = YES_ERROR;
				CLANG_WARN_DOCUMENTATION_COMMENTS = YES;
				CLANG_WARN_EMPTY_BODY = YES;
				CLANG_WARN_ENUM_CONVERSION = YES;
				CLANG_WARN_INFINITE_RECURSION = YES;
				CLANG_WARN_INT_CONVERSION = YES;
				CLANG_WARN_NON_LITERAL_NULL_CONVERSION = YES;
				CLANG_WARN_OBJC_IMPLICIT_RETAIN_SELF = YES;
				CLANG_WARN_OBJC_LITERAL_CONVERSION = YES;
				CLANG_WARN_OBJC_ROOT_CLASS = YES_ERROR;
				CLANG_WARN_QUOTED_INCLUDE_IN_FRAMEWORK_HEADER = YES;
				CLANG_WARN_RANGE_LOOP_ANALYSIS = YES;
				CLANG_WARN_STRICT_PROTOTYPES = YES;
				CLANG_WARN_SUSPICIOUS_MOVE = YES;
				CLANG_WARN_UNGUARDED_AVAILABILITY = YES_AGGRESSIVE;
				CLANG_WARN_UNREACHABLE_CODE = YES;
				CLANG_WARN__DUPLICATE_METHOD_MATCH = YES;
				COPY_PHASE_STRIP = NO;
				DEBUG_INFORMATION_FORMAT = "dwarf-with-dsym";
				ENABLE_NS_ASSERTIONS = NO;
				ENABLE_STRICT_OBJC_MSGSEND = YES;
				GCC_C_LANGUAGE_STANDARD = gnu11;
				GCC_NO_COMMON_BLOCKS = YES;
				GCC_WARN_64_TO_32_BIT_CONVERSION = YES;
				GCC_WARN_ABOUT_RETURN_TYPE = YES_ERROR;
				GCC_WARN_UNDECLARED_SELECTOR = YES;
				GCC_WARN_UNINITIALIZED_AUTOS = YES_AGGRESSIVE;
				GCC_WARN_UNUSED_FUNCTION = YES;
				GCC_WARN_UNUSED_VARIABLE = YES;
				IPHONEOS_DEPLOYMENT_TARGET = 16.4;
				MTL_ENABLE_DEBUG_INFO = NO;
				MTL_FAST_MATH = YES;
				SDKROOT = iphoneos;
				SWIFT_COMPILATION_MODE = wholemodule;
				SWIFT_OPTIMIZATION_LEVEL = "-O";
				VALIDATE_PRODUCT = YES;
			};
			name = Release;
		};
		6ED4CE662A2A1E0500F0C7D9 /* Debug */ = {
			isa = XCBuildConfiguration;
			buildSettings = {
				ASSETCATALOG_COMPILER_APPICON_NAME = AppIcon;
				ASSETCATALOG_COMPILER_GLOBAL_ACCENT_COLOR_NAME = AccentColor;
				CODE_SIGN_STYLE = Automatic;
				CURRENT_PROJECT_VERSION = 1;
				DEVELOPMENT_ASSET_PATHS = "\"Culminating Task/Preview Content\"";
				DEVELOPMENT_TEAM = 8KUG7ZMGM4;
				ENABLE_PREVIEWS = YES;
				GENERATE_INFOPLIST_FILE = YES;
				INFOPLIST_KEY_UIApplicationSceneManifest_Generation = YES;
				INFOPLIST_KEY_UIApplicationSupportsIndirectInputEvents = YES;
				INFOPLIST_KEY_UILaunchScreen_Generation = YES;
				INFOPLIST_KEY_UISupportedInterfaceOrientations_iPad = "UIInterfaceOrientationPortrait UIInterfaceOrientationPortraitUpsideDown UIInterfaceOrientationLandscapeLeft UIInterfaceOrientationLandscapeRight";
				INFOPLIST_KEY_UISupportedInterfaceOrientations_iPhone = "UIInterfaceOrientationPortrait UIInterfaceOrientationLandscapeLeft UIInterfaceOrientationLandscapeRight";
				LD_RUNPATH_SEARCH_PATHS = (
					"$(inherited)",
					"@executable_path/Frameworks",
				);
				MARKETING_VERSION = 1.0;
				PRODUCT_BUNDLE_IDENTIFIER = "ca.alistairfraser.Culminating-Task";
				PRODUCT_NAME = "$(TARGET_NAME)";
				SWIFT_EMIT_LOC_STRINGS = YES;
				SWIFT_VERSION = 5.0;
				TARGETED_DEVICE_FAMILY = "1,2";
			};
			name = Debug;
		};
		6ED4CE672A2A1E0500F0C7D9 /* Release */ = {
			isa = XCBuildConfiguration;
			buildSettings = {
				ASSETCATALOG_COMPILER_APPICON_NAME = AppIcon;
				ASSETCATALOG_COMPILER_GLOBAL_ACCENT_COLOR_NAME = AccentColor;
				CODE_SIGN_STYLE = Automatic;
				CURRENT_PROJECT_VERSION = 1;
				DEVELOPMENT_ASSET_PATHS = "\"Culminating Task/Preview Content\"";
				DEVELOPMENT_TEAM = 8KUG7ZMGM4;
				ENABLE_PREVIEWS = YES;
				GENERATE_INFOPLIST_FILE = YES;
				INFOPLIST_KEY_UIApplicationSceneManifest_Generation = YES;
				INFOPLIST_KEY_UIApplicationSupportsIndirectInputEvents = YES;
				INFOPLIST_KEY_UILaunchScreen_Generation = YES;
				INFOPLIST_KEY_UISupportedInterfaceOrientations_iPad = "UIInterfaceOrientationPortrait UIInterfaceOrientationPortraitUpsideDown UIInterfaceOrientationLandscapeLeft UIInterfaceOrientationLandscapeRight";
				INFOPLIST_KEY_UISupportedInterfaceOrientations_iPhone = "UIInterfaceOrientationPortrait UIInterfaceOrientationLandscapeLeft UIInterfaceOrientationLandscapeRight";
				LD_RUNPATH_SEARCH_PATHS = (
					"$(inherited)",
					"@executable_path/Frameworks",
				);
				MARKETING_VERSION = 1.0;
				PRODUCT_BUNDLE_IDENTIFIER = "ca.alistairfraser.Culminating-Task";
				PRODUCT_NAME = "$(TARGET_NAME)";
				SWIFT_EMIT_LOC_STRINGS = YES;
				SWIFT_VERSION = 5.0;
				TARGETED_DEVICE_FAMILY = "1,2";
			};
			name = Release;
		};
/* End XCBuildConfiguration section */

/* Begin XCConfigurationList section */
		6ED4CE522A2A1DFF00F0C7D9 /* Build configuration list for PBXProject "Culminating Task" */ = {
			isa = XCConfigurationList;
			buildConfigurations = (
				6ED4CE632A2A1E0500F0C7D9 /* Debug */,
				6ED4CE642A2A1E0500F0C7D9 /* Release */,
			);
			defaultConfigurationIsVisible = 0;
			defaultConfigurationName = Release;
		};
		6ED4CE652A2A1E0500F0C7D9 /* Build configuration list for PBXNativeTarget "Culminating Task" */ = {
			isa = XCConfigurationList;
			buildConfigurations = (
				6ED4CE662A2A1E0500F0C7D9 /* Debug */,
				6ED4CE672A2A1E0500F0C7D9 /* Release */,
			);
			defaultConfigurationIsVisible = 0;
			defaultConfigurationName = Release;
		};
/* End XCConfigurationList section */

/* Begin XCRemoteSwiftPackageReference section */
		6E4760482A2FB0FB00AC4192 /* XCRemoteSwiftPackageReference "Blackbird" */ = {
			isa = XCRemoteSwiftPackageReference;
			repositoryURL = "https://github.com/marcoarment/Blackbird";
			requirement = {
				branch = main;
				kind = branch;
			};
		};
/* End XCRemoteSwiftPackageReference section */

/* Begin XCSwiftPackageProductDependency section */
		6E4760492A2FB0FB00AC4192 /* Blackbird */ = {
			isa = XCSwiftPackageProductDependency;
			package = 6E4760482A2FB0FB00AC4192 /* XCRemoteSwiftPackageReference "Blackbird" */;
			productName = Blackbird;
		};
/* End XCSwiftPackageProductDependency section */
	};
	rootObject = 6ED4CE4F2A2A1DFF00F0C7D9 /* Project object */;
}
